
Microsoft Visual Studio Solution File, Format Version 12.00
# Visual Studio Version 16
VisualStudioVersion = 16.0.31005.135
MinimumVisualStudioVersion = 10.0.40219.1
Project("{FAE04EC0-301F-11D3-BF4B-00C04F79EFBC}") = "MP 4.1", "MP 4.1.csproj", "{469F1DBC-E93F-4100-8955-73BD5F0D7464}"
EndProject
Global
	GlobalSection(SolutionConfigurationPlatforms) = preSolution
		Debug|Any CPU = Debug|Any CPU
		Release|Any CPU = Release|Any CPU
	EndGlobalSection
	GlobalSection(ProjectConfigurationPlatforms) = postSolution
		{469F1DBC-E93F-4100-8955-73BD5F0D7464}.Debug|Any CPU.ActiveCfg = Debug|Any CPU
		{469F1DBC-E93F-4100-8955-73BD5F0D7464}.Debug|Any CPU.Build.0 = Debug|Any CPU
		{469F1DBC-E93F-4100-8955-73BD5F0D7464}.Release|Any CPU.ActiveCfg = Release|Any CPU
		{469F1DBC-E93F-4100-8955-73BD5F0D7464}.Release|Any CPU.Build.0 = Release|Any CPU
	EndGlobalSection
	GlobalSection(SolutionProperties) = preSolution
		HideSolutionNode = FALSE
	EndGlobalSection
	GlobalSection(ExtensibilityGlobals) = postSolution
		SolutionGuid = {B3D14851-FCD3-42B1-A461-26A630ACF5F3}
	EndGlobalSection
EndGlobal
